PODS:
  - SVProgressHUD (2.2.5)
  - SwiftLint (0.47.1)

DEPENDENCIES:
  - SVProgressHUD (= 2.2.5)
  - SwiftLint

SPEC REPOS:
  trunk:
    - SVProgressHUD
    - SwiftLint

SPEC CHECKSUMS:
  SVProgressHUD: 1428aafac632c1f86f62aa4243ec12008d7a51d6
  SwiftLint: f80f1be7fa96d30e0aa68e58d45d4ea1ccaac519

PODFILE CHECKSUM: acbb8adfaa4e5988bc173a867d886af90a164ac4

COCOAPODS: 1.11.3
